// !$*UTF8*$!
{
	archiveVersion = 1;
	classes = {
	};
	objectVersion = 46;
	objects = {

/* Begin PBXBuildFile section */
		334BEF6742A12551C2A4DAC5 /* Pods_SwiftBaseProject.framework in Frameworks */ = {isa = PBXBuildFile; fileRef = 613DA7582134A8B59F387AAE /* Pods_SwiftBaseProject.framework */; };
		6E8E8C021EEE8D8900EF1189 /* Main.storyboard in Resources */ = {isa = PBXBuildFile; fileRef = 6E8E8C001EEE8D8900EF1189 /* Main.storyboard */; };
		6E8E8C041EEE8D8900EF1189 /* Assets.xcassets in Resources */ = {isa = PBXBuildFile; fileRef = 6E8E8C031EEE8D8900EF1189 /* Assets.xcassets */; };
		6E8E8C071EEE8D8900EF1189 /* LaunchScreen.storyboard in Resources */ = {isa = PBXBuildFile; fileRef = 6E8E8C051EEE8D8900EF1189 /* LaunchScreen.storyboard */; };
		6E8E8C121EEE8D8900EF1189 /* SwiftBaseProjectTests.swift in Sources */ = {isa = PBXBuildFile; fileRef = 6E8E8C111EEE8D8900EF1189 /* SwiftBaseProjectTests.swift */; };
		6E8E8C1D1EEE8D8900EF1189 /* SwiftBaseProjectUITests.swift in Sources */ = {isa = PBXBuildFile; fileRef = 6E8E8C1C1EEE8D8900EF1189 /* SwiftBaseProjectUITests.swift */; };
		6E8E8C4F1EEF770500EF1189 /* AppDelegate.swift in Sources */ = {isa = PBXBuildFile; fileRef = 6E8E8C2B1EEF770500EF1189 /* AppDelegate.swift */; };
		6E8E8C501EEF770500EF1189 /* UIDefine.swift in Sources */ = {isa = PBXBuildFile; fileRef = 6E8E8C2F1EEF770500EF1189 /* UIDefine.swift */; };
		6E8E8C511EEF770500EF1189 /* MLNavigationController.swift in Sources */ = {isa = PBXBuildFile; fileRef = 6E8E8C321EEF770500EF1189 /* MLNavigationController.swift */; };
		6E8E8C521EEF770500EF1189 /* MLTabBarController.swift in Sources */ = {isa = PBXBuildFile; fileRef = 6E8E8C331EEF770500EF1189 /* MLTabBarController.swift */; };
		6E8E8C531EEF770500EF1189 /* ViewController.swift in Sources */ = {isa = PBXBuildFile; fileRef = 6E8E8C341EEF770500EF1189 /* ViewController.swift */; };
		6E8E8C541EEF770500EF1189 /* ManaUserHelper.swift in Sources */ = {isa = PBXBuildFile; fileRef = 6E8E8C361EEF770500EF1189 /* ManaUserHelper.swift */; };
		6E8E8C551EEF770500EF1189 /* MLHomeMoneyView.swift in Sources */ = {isa = PBXBuildFile; fileRef = 6E8E8C3A1EEF770500EF1189 /* MLHomeMoneyView.swift */; };
		6E8E8C561EEF770500EF1189 /* MLHomeViewController.swift in Sources */ = {isa = PBXBuildFile; fileRef = 6E8E8C3B1EEF770500EF1189 /* MLHomeViewController.swift */; };
		6E8E8C571EEF770500EF1189 /* MLSliderView.swift in Sources */ = {isa = PBXBuildFile; fileRef = 6E8E8C3C1EEF770500EF1189 /* MLSliderView.swift */; };
		6E8E8C581EEF770500EF1189 /* MLLoginViewController.swift in Sources */ = {isa = PBXBuildFile; fileRef = 6E8E8C3E1EEF770500EF1189 /* MLLoginViewController.swift */; };
		6E8E8C591EEF770500EF1189 /* MLMineViewController.swift in Sources */ = {isa = PBXBuildFile; fileRef = 6E8E8C401EEF770500EF1189 /* MLMineViewController.swift */; };
		6E8E8C5A1EEF770500EF1189 /* MLOrderViewController.swift in Sources */ = {isa = PBXBuildFile; fileRef = 6E8E8C421EEF770500EF1189 /* MLOrderViewController.swift */; };
		6E8E8C5D1EEF770500EF1189 /* MLBannerView.swift in Sources */ = {isa = PBXBuildFile; fileRef = 6E8E8C4A1EEF770500EF1189 /* MLBannerView.swift */; };
		6E8E8C5E1EEF770500EF1189 /* TTRangeSlider.m in Sources */ = {isa = PBXBuildFile; fileRef = 6E8E8C4D1EEF770500EF1189 /* TTRangeSlider.m */; };
		6E8E8C6D1EEFD06600EF1189 /* NetWorkRequest.swift in Sources */ = {isa = PBXBuildFile; fileRef = 6E8E8C6C1EEFD06600EF1189 /* NetWorkRequest.swift */; };
/* End PBXBuildFile section */

/* Begin PBXContainerItemProxy section */
		6E8E8C0E1EEE8D8900EF1189 /* PBXContainerItemProxy */ = {
			isa = PBXContainerItemProxy;
			containerPortal = 6E8E8BF11EEE8D8900EF1189 /* Project object */;
			proxyType = 1;
			remoteGlobalIDString = 6E8E8BF81EEE8D8900EF1189;
			remoteInfo = SwiftBaseProject;
		};
		6E8E8C191EEE8D8900EF1189 /* PBXContainerItemProxy */ = {
			isa = PBXContainerItemProxy;
			containerPortal = 6E8E8BF11EEE8D8900EF1189 /* Project object */;
			proxyType = 1;
			remoteGlobalIDString = 6E8E8BF81EEE8D8900EF1189;
			remoteInfo = SwiftBaseProject;
		};
/* End PBXContainerItemProxy section */

/* Begin PBXFileReference section */
		30EAE944D01D681487F788F0 /* Pods-SwiftBaseProject.debug.xcconfig */ = {isa = PBXFileReference; includeInIndex = 1; lastKnownFileType = text.xcconfig; name = "Pods-SwiftBaseProject.debug.xcconfig"; path = "Pods/Target Support Files/Pods-SwiftBaseProject/Pods-SwiftBaseProject.debug.xcconfig"; sourceTree = "<group>"; };
		613DA7582134A8B59F387AAE /* Pods_SwiftBaseProject.framework */ = {isa = PBXFileReference; explicitFileType = wrapper.framework; includeInIndex = 0; path = Pods_SwiftBaseProject.framework; sourceTree = BUILT_PRODUCTS_DIR; };
		6E8E8BF91EEE8D8900EF1189 /* SwiftBaseProject.app */ = {isa = PBXFileReference; explicitFileType = wrapper.application; includeInIndex = 0; path = SwiftBaseProject.app; sourceTree = BUILT_PRODUCTS_DIR; };
		6E8E8C011EEE8D8900EF1189 /* Base */ = {isa = PBXFileReference; lastKnownFileType = file.storyboard; name = Base; path = Base.lproj/Main.storyboard; sourceTree = "<group>"; };
		6E8E8C031EEE8D8900EF1189 /* Assets.xcassets */ = {isa = PBXFileReference; lastKnownFileType = folder.assetcatalog; path = Assets.xcassets; sourceTree = "<group>"; };
		6E8E8C061EEE8D8900EF1189 /* Base */ = {isa = PBXFileReference; lastKnownFileType = file.storyboard; name = Base; path = Base.lproj/LaunchScreen.storyboard; sourceTree = "<group>"; };
		6E8E8C081EEE8D8900EF1189 /* Info.plist */ = {isa = PBXFileReference; lastKnownFileType = text.plist.xml; path = Info.plist; sourceTree = "<group>"; };
		6E8E8C0D1EEE8D8900EF1189 /* SwiftBaseProjectTests.xctest */ = {isa = PBXFileReference; explicitFileType = wrapper.cfbundle; includeInIndex = 0; path = SwiftBaseProjectTests.xctest; sourceTree = BUILT_PRODUCTS_DIR; };
		6E8E8C111EEE8D8900EF1189 /* SwiftBaseProjectTests.swift */ = {isa = PBXFileReference; lastKnownFileType = sourcecode.swift; path = SwiftBaseProjectTests.swift; sourceTree = "<group>"; };
		6E8E8C131EEE8D8900EF1189 /* Info.plist */ = {isa = PBXFileReference; lastKnownFileType = text.plist.xml; path = Info.plist; sourceTree = "<group>"; };
		6E8E8C181EEE8D8900EF1189 /* SwiftBaseProjectUITests.xctest */ = {isa = PBXFileReference; explicitFileType = wrapper.cfbundle; includeInIndex = 0; path = SwiftBaseProjectUITests.xctest; sourceTree = BUILT_PRODUCTS_DIR; };
		6E8E8C1C1EEE8D8900EF1189 /* SwiftBaseProjectUITests.swift */ = {isa = PBXFileReference; lastKnownFileType = sourcecode.swift; path = SwiftBaseProjectUITests.swift; sourceTree = "<group>"; };
		6E8E8C1E1EEE8D8900EF1189 /* Info.plist */ = {isa = PBXFileReference; lastKnownFileType = text.plist.xml; path = Info.plist; sourceTree = "<group>"; };
		6E8E8C2B1EEF770500EF1189 /* AppDelegate.swift */ = {isa = PBXFileReference; fileEncoding = 4; lastKnownFileType = sourcecode.swift; path = AppDelegate.swift; sourceTree = "<group>"; };
		6E8E8C2F1EEF770500EF1189 /* UIDefine.swift */ = {isa = PBXFileReference; fileEncoding = 4; lastKnownFileType = sourcecode.swift; path = UIDefine.swift; sourceTree = "<group>"; };
		6E8E8C321EEF770500EF1189 /* MLNavigationController.swift */ = {isa = PBXFileReference; fileEncoding = 4; lastKnownFileType = sourcecode.swift; path = MLNavigationController.swift; sourceTree = "<group>"; };
		6E8E8C331EEF770500EF1189 /* MLTabBarController.swift */ = {isa = PBXFileReference; fileEncoding = 4; lastKnownFileType = sourcecode.swift; path = MLTabBarController.swift; sourceTree = "<group>"; };
		6E8E8C341EEF770500EF1189 /* ViewController.swift */ = {isa = PBXFileReference; fileEncoding = 4; lastKnownFileType = sourcecode.swift; path = ViewController.swift; sourceTree = "<group>"; };
		6E8E8C361EEF770500EF1189 /* ManaUserHelper.swift */ = {isa = PBXFileReference; fileEncoding = 4; lastKnownFileType = sourcecode.swift; path = ManaUserHelper.swift; sourceTree = "<group>"; };
		6E8E8C3A1EEF770500EF1189 /* MLHomeMoneyView.swift */ = {isa = PBXFileReference; fileEncoding = 4; lastKnownFileType = sourcecode.swift; path = MLHomeMoneyView.swift; sourceTree = "<group>"; };
		6E8E8C3B1EEF770500EF1189 /* MLHomeViewController.swift */ = {isa = PBXFileReference; fileEncoding = 4; lastKnownFileType = sourcecode.swift; path = MLHomeViewController.swift; sourceTree = "<group>"; };
		6E8E8C3C1EEF770500EF1189 /* MLSliderView.swift */ = {isa = PBXFileReference; fileEncoding = 4; lastKnownFileType = sourcecode.swift; path = MLSliderView.swift; sourceTree = "<group>"; };
		6E8E8C3E1EEF770500EF1189 /* MLLoginViewController.swift */ = {isa = PBXFileReference; fileEncoding = 4; lastKnownFileType = sourcecode.swift; path = MLLoginViewController.swift; sourceTree = "<group>"; };
		6E8E8C401EEF770500EF1189 /* MLMineViewController.swift */ = {isa = PBXFileReference; fileEncoding = 4; lastKnownFileType = sourcecode.swift; path = MLMineViewController.swift; sourceTree = "<group>"; };
		6E8E8C421EEF770500EF1189 /* MLOrderViewController.swift */ = {isa = PBXFileReference; fileEncoding = 4; lastKnownFileType = sourcecode.swift; path = MLOrderViewController.swift; sourceTree = "<group>"; };
		6E8E8C4A1EEF770500EF1189 /* MLBannerView.swift */ = {isa = PBXFileReference; fileEncoding = 4; lastKnownFileType = sourcecode.swift; path = MLBannerView.swift; sourceTree = "<group>"; };
		6E8E8C4C1EEF770500EF1189 /* TTRangeSlider.h */ = {isa = PBXFileReference; fileEncoding = 4; lastKnownFileType = sourcecode.c.h; path = TTRangeSlider.h; sourceTree = "<group>"; };
		6E8E8C4D1EEF770500EF1189 /* TTRangeSlider.m */ = {isa = PBXFileReference; fileEncoding = 4; lastKnownFileType = sourcecode.c.objc; path = TTRangeSlider.m; sourceTree = "<group>"; };
		6E8E8C4E1EEF770500EF1189 /* TTRangeSliderDelegate.h */ = {isa = PBXFileReference; fileEncoding = 4; lastKnownFileType = sourcecode.c.h; path = TTRangeSliderDelegate.h; sourceTree = "<group>"; };
		6E8E8C651EEF78A600EF1189 /* OCHeader.h */ = {isa = PBXFileReference; lastKnownFileType = sourcecode.c.h; path = OCHeader.h; sourceTree = "<group>"; };
		6E8E8C6C1EEFD06600EF1189 /* NetWorkRequest.swift */ = {isa = PBXFileReference; fileEncoding = 4; lastKnownFileType = sourcecode.swift; path = NetWorkRequest.swift; sourceTree = "<group>"; };
		C964E08AD38A78AAA4080925 /* Pods-SwiftBaseProject.release.xcconfig */ = {isa = PBXFileReference; includeInIndex = 1; lastKnownFileType = text.xcconfig; name = "Pods-SwiftBaseProject.release.xcconfig"; path = "Pods/Target Support Files/Pods-SwiftBaseProject/Pods-SwiftBaseProject.release.xcconfig"; sourceTree = "<group>"; };
/* End PBXFileReference section */

/* Begin PBXFrameworksBuildPhase section */
		6E8E8BF61EEE8D8900EF1189 /* Frameworks */ = {
			isa = PBXFrameworksBuildPhase;
			buildActionMask = 2147483647;
			files = (
				334BEF6742A12551C2A4DAC5 /* Pods_SwiftBaseProject.framework in Frameworks */,
			);
			runOnlyForDeploymentPostprocessing = 0;
		};
		6E8E8C0A1EEE8D8900EF1189 /* Frameworks */ = {
			isa = PBXFrameworksBuildPhase;
			buildActionMask = 2147483647;
			files = (
			);
			runOnlyForDeploymentPostprocessing = 0;
		};
		6E8E8C151EEE8D8900EF1189 /* Frameworks */ = {
			isa = PBXFrameworksBuildPhase;
			buildActionMask = 2147483647;
			files = (
			);
			runOnlyForDeploymentPostprocessing = 0;
		};
/* End PBXFrameworksBuildPhase section */

/* Begin PBXGroup section */
		3793EA8D781E7612EB36E8DE /* Frameworks */ = {
			isa = PBXGroup;
			children = (
				613DA7582134A8B59F387AAE /* Pods_SwiftBaseProject.framework */,
			);
			name = Frameworks;
			sourceTree = "<group>";
		};
		6E8E8BF01EEE8D8900EF1189 = {
			isa = PBXGroup;
			children = (
				6E8E8BFB1EEE8D8900EF1189 /* SwiftBaseProject */,
				6E8E8C661EEF7DAA00EF1189 /* Suporting Files */,
				6E8E8C101EEE8D8900EF1189 /* SwiftBaseProjectTests */,
				6E8E8C1B1EEE8D8900EF1189 /* SwiftBaseProjectUITests */,
				6E8E8BFA1EEE8D8900EF1189 /* Products */,
				B9FB5D04DC6889333DD5B060 /* Pods */,
				3793EA8D781E7612EB36E8DE /* Frameworks */,
			);
			sourceTree = "<group>";
		};
		6E8E8BFA1EEE8D8900EF1189 /* Products */ = {
			isa = PBXGroup;
			children = (
				6E8E8BF91EEE8D8900EF1189 /* SwiftBaseProject.app */,
				6E8E8C0D1EEE8D8900EF1189 /* SwiftBaseProjectTests.xctest */,
				6E8E8C181EEE8D8900EF1189 /* SwiftBaseProjectUITests.xctest */,
			);
			name = Products;
			sourceTree = "<group>";
		};
		6E8E8BFB1EEE8D8900EF1189 /* SwiftBaseProject */ = {
			isa = PBXGroup;
			children = (
				6E8E8C2A1EEF770500EF1189 /* Application */,
				6E8E8C2C1EEF770500EF1189 /* Extension */,
				6E8E8C2D1EEF770500EF1189 /* General */,
				6E8E8C351EEF770500EF1189 /* Helper */,
				6E8E8C371EEF770500EF1189 /* Macro */,
				6E8E8C381EEF770500EF1189 /* Section */,
				6E8E8C441EEF770500EF1189 /* Tools */,
				6E8E8C451EEF770500EF1189 /* Vendor */,
			);
			path = SwiftBaseProject;
			sourceTree = "<group>";
		};
		6E8E8C101EEE8D8900EF1189 /* SwiftBaseProjectTests */ = {
			isa = PBXGroup;
			children = (
				6E8E8C111EEE8D8900EF1189 /* SwiftBaseProjectTests.swift */,
				6E8E8C131EEE8D8900EF1189 /* Info.plist */,
			);
			path = SwiftBaseProjectTests;
			sourceTree = "<group>";
		};
		6E8E8C1B1EEE8D8900EF1189 /* SwiftBaseProjectUITests */ = {
			isa = PBXGroup;
			children = (
				6E8E8C1C1EEE8D8900EF1189 /* SwiftBaseProjectUITests.swift */,
				6E8E8C1E1EEE8D8900EF1189 /* Info.plist */,
			);
			path = SwiftBaseProjectUITests;
			sourceTree = "<group>";
		};
		6E8E8C2A1EEF770500EF1189 /* Application */ = {
			isa = PBXGroup;
			children = (
				6E8E8C2B1EEF770500EF1189 /* AppDelegate.swift */,
			);
			path = Application;
			sourceTree = "<group>";
		};
		6E8E8C2C1EEF770500EF1189 /* Extension */ = {
			isa = PBXGroup;
			children = (
			);
			path = Extension;
			sourceTree = "<group>";
		};
		6E8E8C2D1EEF770500EF1189 /* General */ = {
			isa = PBXGroup;
			children = (
				6E8E8C2E1EEF770500EF1189 /* define */,
				6E8E8C301EEF770500EF1189 /* View */,
				6E8E8C311EEF770500EF1189 /* ViewController */,
			);
			path = General;
			sourceTree = "<group>";
		};
		6E8E8C2E1EEF770500EF1189 /* define */ = {
			isa = PBXGroup;
			children = (
				6E8E8C2F1EEF770500EF1189 /* UIDefine.swift */,
			);
			path = define;
			sourceTree = "<group>";
		};
		6E8E8C301EEF770500EF1189 /* View */ = {
			isa = PBXGroup;
			children = (
			);
			path = View;
			sourceTree = "<group>";
		};
		6E8E8C311EEF770500EF1189 /* ViewController */ = {
			isa = PBXGroup;
			children = (
				6E8E8C321EEF770500EF1189 /* MLNavigationController.swift */,
				6E8E8C331EEF770500EF1189 /* MLTabBarController.swift */,
				6E8E8C341EEF770500EF1189 /* ViewController.swift */,
			);
			path = ViewController;
			sourceTree = "<group>";
		};
		6E8E8C351EEF770500EF1189 /* Helper */ = {
			isa = PBXGroup;
			children = (
				6E8E8C361EEF770500EF1189 /* ManaUserHelper.swift */,
			);
			path = Helper;
			sourceTree = "<group>";
		};
		6E8E8C371EEF770500EF1189 /* Macro */ = {
			isa = PBXGroup;
			children = (
			);
			path = Macro;
			sourceTree = "<group>";
		};
		6E8E8C381EEF770500EF1189 /* Section */ = {
			isa = PBXGroup;
			children = (
				6E8E8C391EEF770500EF1189 /* Home */,
				6E8E8C3D1EEF770500EF1189 /* Login */,
				6E8E8C3F1EEF770500EF1189 /* Mine */,
				6E8E8C411EEF770500EF1189 /* Order */,
				6E8E8C431EEF770500EF1189 /* Pubilc */,
			);
			path = Section;
			sourceTree = "<group>";
		};
		6E8E8C391EEF770500EF1189 /* Home */ = {
			isa = PBXGroup;
			children = (
				6E8E8C3A1EEF770500EF1189 /* MLHomeMoneyView.swift */,
				6E8E8C3B1EEF770500EF1189 /* MLHomeViewController.swift */,
				6E8E8C3C1EEF770500EF1189 /* MLSliderView.swift */,
			);
			path = Home;
			sourceTree = "<group>";
		};
		6E8E8C3D1EEF770500EF1189 /* Login */ = {
			isa = PBXGroup;
			children = (
				6E8E8C3E1EEF770500EF1189 /* MLLoginViewController.swift */,
			);
			path = Login;
			sourceTree = "<group>";
		};
		6E8E8C3F1EEF770500EF1189 /* Mine */ = {
			isa = PBXGroup;
			children = (
				6E8E8C401EEF770500EF1189 /* MLMineViewController.swift */,
			);
			path = Mine;
			sourceTree = "<group>";
		};
		6E8E8C411EEF770500EF1189 /* Order */ = {
			isa = PBXGroup;
			children = (
				6E8E8C421EEF770500EF1189 /* MLOrderViewController.swift */,
			);
			path = Order;
			sourceTree = "<group>";
		};
		6E8E8C431EEF770500EF1189 /* Pubilc */ = {
			isa = PBXGroup;
			children = (
			);
			path = Pubilc;
			sourceTree = "<group>";
		};
		6E8E8C441EEF770500EF1189 /* Tools */ = {
			isa = PBXGroup;
			children = (
			);
			path = Tools;
			sourceTree = "<group>";
		};
		6E8E8C451EEF770500EF1189 /* Vendor */ = {
			isa = PBXGroup;
			children = (
				6E8E8C681EEF866000EF1189 /* Http */,
				6E8E8C491EEF770500EF1189 /* MLBanner */,
				6E8E8C4B1EEF770500EF1189 /* TTRangeSlider */,
			);
			path = Vendor;
			sourceTree = "<group>";
		};
		6E8E8C491EEF770500EF1189 /* MLBanner */ = {
			isa = PBXGroup;
			children = (
				6E8E8C4A1EEF770500EF1189 /* MLBannerView.swift */,
			);
			path = MLBanner;
			sourceTree = "<group>";
		};
		6E8E8C4B1EEF770500EF1189 /* TTRangeSlider */ = {
			isa = PBXGroup;
			children = (
				6E8E8C4C1EEF770500EF1189 /* TTRangeSlider.h */,
				6E8E8C4D1EEF770500EF1189 /* TTRangeSlider.m */,
				6E8E8C4E1EEF770500EF1189 /* TTRangeSliderDelegate.h */,
			);
			path = TTRangeSlider;
			sourceTree = "<group>";
		};
		6E8E8C661EEF7DAA00EF1189 /* Suporting Files */ = {
			isa = PBXGroup;
			children = (
				6E8E8C001EEE8D8900EF1189 /* Main.storyboard */,
				6E8E8C031EEE8D8900EF1189 /* Assets.xcassets */,
				6E8E8C051EEE8D8900EF1189 /* LaunchScreen.storyboard */,
				6E8E8C081EEE8D8900EF1189 /* Info.plist */,
				6E8E8C651EEF78A600EF1189 /* OCHeader.h */,
			);
			name = "Suporting Files";
			path = SwiftBaseProject;
			sourceTree = "<group>";
		};
		6E8E8C681EEF866000EF1189 /* Http */ = {
			isa = PBXGroup;
			children = (
				6E8E8C6C1EEFD06600EF1189 /* NetWorkRequest.swift */,
			);
			path = Http;
			sourceTree = "<group>";
		};
		B9FB5D04DC6889333DD5B060 /* Pods */ = {
			isa = PBXGroup;
			children = (
				30EAE944D01D681487F788F0 /* Pods-SwiftBaseProject.debug.xcconfig */,
				C964E08AD38A78AAA4080925 /* Pods-SwiftBaseProject.release.xcconfig */,
			);
			name = Pods;
			sourceTree = "<group>";
		};
/* End PBXGroup section */

/* Begin PBXNativeTarget section */
		6E8E8BF81EEE8D8900EF1189 /* SwiftBaseProject */ = {
			isa = PBXNativeTarget;
			buildConfigurationList = 6E8E8C211EEE8D8900EF1189 /* Build configuration list for PBXNativeTarget "SwiftBaseProject" */;
			buildPhases = (
				8765A85C251995C1E93A0372 /* [CP] Check Pods Manifest.lock */,
				6E8E8BF51EEE8D8900EF1189 /* Sources */,
				6E8E8BF61EEE8D8900EF1189 /* Frameworks */,
				6E8E8BF71EEE8D8900EF1189 /* Resources */,
				5262813B215426DD7F4F5248 /* [CP] Embed Pods Frameworks */,
				DA7B80B7B88FFB6CF4830202 /* [CP] Copy Pods Resources */,
			);
			buildRules = (
			);
			dependencies = (
			);
			name = SwiftBaseProject;
			productName = SwiftBaseProject;
			productReference = 6E8E8BF91EEE8D8900EF1189 /* SwiftBaseProject.app */;
			productType = "com.apple.product-type.application";
		};
		6E8E8C0C1EEE8D8900EF1189 /* SwiftBaseProjectTests */ = {
			isa = PBXNativeTarget;
			buildConfigurationList = 6E8E8C241EEE8D8900EF1189 /* Build configuration list for PBXNativeTarget "SwiftBaseProjectTests" */;
			buildPhases = (
				6E8E8C091EEE8D8900EF1189 /* Sources */,
				6E8E8C0A1EEE8D8900EF1189 /* Frameworks */,
				6E8E8C0B1EEE8D8900EF1189 /* Resources */,
			);
			buildRules = (
			);
			dependencies = (
				6E8E8C0F1EEE8D8900EF1189 /* PBXTargetDependency */,
			);
			name = SwiftBaseProjectTests;
			productName = SwiftBaseProjectTests;
			productReference = 6E8E8C0D1EEE8D8900EF1189 /* SwiftBaseProjectTests.xctest */;
			productType = "com.apple.product-type.bundle.unit-test";
		};
		6E8E8C171EEE8D8900EF1189 /* SwiftBaseProjectUITests */ = {
			isa = PBXNativeTarget;
			buildConfigurationList = 6E8E8C271EEE8D8900EF1189 /* Build configuration list for PBXNativeTarget "SwiftBaseProjectUITests" */;
			buildPhases = (
				6E8E8C141EEE8D8900EF1189 /* Sources */,
				6E8E8C151EEE8D8900EF1189 /* Frameworks */,
				6E8E8C161EEE8D8900EF1189 /* Resources */,
			);
			buildRules = (
			);
			dependencies = (
				6E8E8C1A1EEE8D8900EF1189 /* PBXTargetDependency */,
			);
			name = SwiftBaseProjectUITests;
			productName = SwiftBaseProjectUITests;
			productReference = 6E8E8C181EEE8D8900EF1189 /* SwiftBaseProjectUITests.xctest */;
			productType = "com.apple.product-type.bundle.ui-testing";
		};
/* End PBXNativeTarget section */

/* Begin PBXProject section */
		6E8E8BF11EEE8D8900EF1189 /* Project object */ = {
			isa = PBXProject;
			attributes = {
				LastSwiftUpdateCheck = 0830;
				LastUpgradeCheck = 0830;
				ORGANIZATIONNAME = guojianfeng;
				TargetAttributes = {
					6E8E8BF81EEE8D8900EF1189 = {
						CreatedOnToolsVersion = 8.3.2;
						DevelopmentTeam = C372PBF9WS;
						ProvisioningStyle = Automatic;
					};
					6E8E8C0C1EEE8D8900EF1189 = {
						CreatedOnToolsVersion = 8.3.2;
						ProvisioningStyle = Automatic;
						TestTargetID = 6E8E8BF81EEE8D8900EF1189;
					};
					6E8E8C171EEE8D8900EF1189 = {
						CreatedOnToolsVersion = 8.3.2;
						ProvisioningStyle = Automatic;
						TestTargetID = 6E8E8BF81EEE8D8900EF1189;
					};
				};
			};
			buildConfigurationList = 6E8E8BF41EEE8D8900EF1189 /* Build configuration list for PBXProject "SwiftBaseProject" */;
			compatibilityVersion = "Xcode 3.2";
			developmentRegion = English;
			hasScannedForEncodings = 0;
			knownRegions = (
				en,
				Base,
			);
			mainGroup = 6E8E8BF01EEE8D8900EF1189;
			productRefGroup = 6E8E8BFA1EEE8D8900EF1189 /* Products */;
			projectDirPath = "";
			projectRoot = "";
			targets = (
				6E8E8BF81EEE8D8900EF1189 /* SwiftBaseProject */,
				6E8E8C0C1EEE8D8900EF1189 /* SwiftBaseProjectTests */,
				6E8E8C171EEE8D8900EF1189 /* SwiftBaseProjectUITests */,
			);
		};
/* End PBXProject section */

/* Begin PBXResourcesBuildPhase section */
		6E8E8BF71EEE8D8900EF1189 /* Resources */ = {
			isa = PBXResourcesBuildPhase;
			buildActionMask = 2147483647;
			files = (
				6E8E8C071EEE8D8900EF1189 /* LaunchScreen.storyboard in Resources */,
				6E8E8C041EEE8D8900EF1189 /* Assets.xcassets in Resources */,
				6E8E8C021EEE8D8900EF1189 /* Main.storyboard in Resources */,
			);
			runOnlyForDeploymentPostprocessing = 0;
		};
		6E8E8C0B1EEE8D8900EF1189 /* Resources */ = {
			isa = PBXResourcesBuildPhase;
			buildActionMask = 2147483647;
			files = (
			);
			runOnlyForDeploymentPostprocessing = 0;
		};
		6E8E8C161EEE8D8900EF1189 /* Resources */ = {
			isa = PBXResourcesBuildPhase;
			buildActionMask = 2147483647;
			files = (
			);
			runOnlyForDeploymentPostprocessing = 0;
		};
/* End PBXResourcesBuildPhase section */

/* Begin PBXShellScriptBuildPhase section */
		5262813B215426DD7F4F5248 /* [CP] Embed Pods Frameworks */ = {
			isa = PBXShellScriptBuildPhase;
			buildActionMask = 2147483647;
			files = (
			);
			inputPaths = (
			);
			name = "[CP] Embed Pods Frameworks";
			outputPaths = (
			);
			runOnlyForDeploymentPostprocessing = 0;
			shellPath = /bin/sh;
			shellScript = "\"${SRCROOT}/Pods/Target Support Files/Pods-SwiftBaseProject/Pods-SwiftBaseProject-frameworks.sh\"\n";
			showEnvVarsInLog = 0;
		};
		8765A85C251995C1E93A0372 /* [CP] Check Pods Manifest.lock */ = {
			isa = PBXShellScriptBuildPhase;
			buildActionMask = 2147483647;
			files = (
			);
			inputPaths = (
			);
			name = "[CP] Check Pods Manifest.lock";
			outputPaths = (
			);
			runOnlyForDeploymentPostprocessing = 0;
			shellPath = /bin/sh;
			shellScript = "diff \"${PODS_PODFILE_DIR_PATH}/Podfile.lock\" \"${PODS_ROOT}/Manifest.lock\" > /dev/null\nif [ $? != 0 ] ; then\n    # print error to STDERR\n    echo \"error: The sandbox is not in sync with the Podfile.lock. Run 'pod install' or update your CocoaPods installation.\" >&2\n    exit 1\nfi\n";
			showEnvVarsInLog = 0;
		};
		DA7B80B7B88FFB6CF4830202 /* [CP] Copy Pods Resources */ = {
			isa = PBXShellScriptBuildPhase;
			buildActionMask = 2147483647;
			files = (
			);
			inputPaths = (
			);
			name = "[CP] Copy Pods Resources";
			outputPaths = (
			);
			runOnlyForDeploymentPostprocessing = 0;
			shellPath = /bin/sh;
			shellScript = "\"${SRCROOT}/Pods/Target Support Files/Pods-SwiftBaseProject/Pods-SwiftBaseProject-resources.sh\"\n";
			showEnvVarsInLog = 0;
		};
/* End PBXShellScriptBuildPhase section */

/* Begin PBXSourcesBuildPhase section */
		6E8E8BF51EEE8D8900EF1189 /* Sources */ = {
			isa = PBXSourcesBuildPhase;
			buildActionMask = 2147483647;
			files = (
				6E8E8C561EEF770500EF1189 /* MLHomeViewController.swift in Sources */,
				6E8E8C521EEF770500EF1189 /* MLTabBarController.swift in Sources */,
				6E8E8C5E1EEF770500EF1189 /* TTRangeSlider.m in Sources */,
				6E8E8C4F1EEF770500EF1189 /* AppDelegate.swift in Sources */,
				6E8E8C571EEF770500EF1189 /* MLSliderView.swift in Sources */,
				6E8E8C541EEF770500EF1189 /* ManaUserHelper.swift in Sources */,
				6E8E8C5A1EEF770500EF1189 /* MLOrderViewController.swift in Sources */,
				6E8E8C501EEF770500EF1189 /* UIDefine.swift in Sources */,
				6E8E8C581EEF770500EF1189 /* MLLoginViewController.swift in Sources */,
				6E8E8C531EEF770500EF1189 /* ViewController.swift in Sources */,
				6E8E8C511EEF770500EF1189 /* MLNavigationController.swift in Sources */,
				6E8E8C5D1EEF770500EF1189 /* MLBannerView.swift in Sources */,
				6E8E8C6D1EEFD06600EF1189 /* NetWorkRequest.swift in Sources */,
				6E8E8C591EEF770500EF1189 /* MLMineViewController.swift in Sources */,
				6E8E8C551EEF770500EF1189 /* MLHomeMoneyView.swift in Sources */,
			);
			runOnlyForDeploymentPostprocessing = 0;
		};
		6E8E8C091EEE8D8900EF1189 /* Sources */ = {
			isa = PBXSourcesBuildPhase;
			buildActionMask = 2147483647;
			files = (
				6E8E8C121EEE8D8900EF1189 /* SwiftBaseProjectTests.swift in Sources */,
			);
			runOnlyForDeploymentPostprocessing = 0;
		};
		6E8E8C141EEE8D8900EF1189 /* Sources */ = {
			isa = PBXSourcesBuildPhase;
			buildActionMask = 2147483647;
			files = (
				6E8E8C1D1EEE8D8900EF1189 /* SwiftBaseProjectUITests.swift in Sources */,
			);
			runOnlyForDeploymentPostprocessing = 0;
		};
/* End PBXSourcesBuildPhase section */

/* Begin PBXTargetDependency section */
		6E8E8C0F1EEE8D8900EF1189 /* PBXTargetDependency */ = {
			isa = PBXTargetDependency;
			target = 6E8E8BF81EEE8D8900EF1189 /* SwiftBaseProject */;
			targetProxy = 6E8E8C0E1EEE8D8900EF1189 /* PBXContainerItemProxy */;
		};
		6E8E8C1A1EEE8D8900EF1189 /* PBXTargetDependency */ = {
			isa = PBXTargetDependency;
			target = 6E8E8BF81EEE8D8900EF1189 /* SwiftBaseProject */;
			targetProxy = 6E8E8C191EEE8D8900EF1189 /* PBXContainerItemProxy */;
		};
/* End PBXTargetDependency section */

/* Begin PBXVariantGroup section */
		6E8E8C001EEE8D8900EF1189 /* Main.storyboard */ = {
			isa = PBXVariantGroup;
			children = (
				6E8E8C011EEE8D8900EF1189 /* Base */,
			);
			name = Main.storyboard;
			sourceTree = "<group>";
		};
		6E8E8C051EEE8D8900EF1189 /* LaunchScreen.storyboard */ = {
			isa = PBXVariantGroup;
			children = (
				6E8E8C061EEE8D8900EF1189 /* Base */,
			);
			name = LaunchScreen.storyboard;
			sourceTree = "<group>";
		};
/* End PBXVariantGroup section */

/* Begin XCBuildConfiguration section */
		6E8E8C1F1EEE8D8900EF1189 /* Debug */ = {
			isa = XCBuildConfiguration;
			buildSettings = {
				ALWAYS_SEARCH_USER_PATHS = NO;
				CLANG_ANALYZER_NONNULL = YES;
				CLANG_ANALYZER_NUMBER_OBJECT_CONVERSION = YES_AGGRESSIVE;
				CLANG_CXX_LANGUAGE_STANDARD = "gnu++0x";
				CLANG_CXX_LIBRARY = "libc++";
				CLANG_ENABLE_MODULES = YES;
				CLANG_ENABLE_OBJC_ARC = YES;
				CLANG_WARN_BOOL_CONVERSION = YES;
				CLANG_WARN_CONSTANT_CONVERSION = YES;
				CLANG_WARN_DIRECT_OBJC_ISA_USAGE = YES_ERROR;
				CLANG_WARN_DOCUMENTATION_COMMENTS = YES;
				CLANG_WARN_EMPTY_BODY = YES;
				CLANG_WARN_ENUM_CONVERSION = YES;
				CLANG_WARN_INFINITE_RECURSION = YES;
				CLANG_WARN_INT_CONVERSION = YES;
				CLANG_WARN_OBJC_ROOT_CLASS = YES_ERROR;
				CLANG_WARN_SUSPICIOUS_MOVE = YES;
				CLANG_WARN_UNREACHABLE_CODE = YES;
				CLANG_WARN__DUPLICATE_METHOD_MATCH = YES;
				"CODE_SIGN_IDENTITY[sdk=iphoneos*]" = "iPhone Developer";
				COPY_PHASE_STRIP = NO;
				DEBUG_INFORMATION_FORMAT = dwarf;
				ENABLE_STRICT_OBJC_MSGSEND = YES;
				ENABLE_TESTABILITY = YES;
				GCC_C_LANGUAGE_STANDARD = gnu99;
				GCC_DYNAMIC_NO_PIC = NO;
				GCC_NO_COMMON_BLOCKS = YES;
				GCC_OPTIMIZATION_LEVEL = 0;
				GCC_PREPROCESSOR_DEFINITIONS = (
					"DEBUG=1",
					"$(inherited)",
				);
				GCC_WARN_64_TO_32_BIT_CONVERSION = YES;
				GCC_WARN_ABOUT_RETURN_TYPE = YES_ERROR;
				GCC_WARN_UNDECLARED_SELECTOR = YES;
				GCC_WARN_UNINITIALIZED_AUTOS = YES_AGGRESSIVE;
				GCC_WARN_UNUSED_FUNCTION = YES;
				GCC_WARN_UNUSED_VARIABLE = YES;
				IPHONEOS_DEPLOYMENT_TARGET = 10.3;
				MTL_ENABLE_DEBUG_INFO = YES;
				ONLY_ACTIVE_ARCH = YES;
				SDKROOT = iphoneos;
				SWIFT_ACTIVE_COMPILATION_CONDITIONS = DEBUG;
				SWIFT_OPTIMIZATION_LEVEL = "-Onone";
				TARGETED_DEVICE_FAMILY = "1,2";
			};
			name = Debug;
		};
		6E8E8C201EEE8D8900EF1189 /* Release */ = {
			isa = XCBuildConfiguration;
			buildSettings = {
				ALWAYS_SEARCH_USER_PATHS = NO;
				CLANG_ANALYZER_NONNULL = YES;
				CLANG_ANALYZER_NUMBER_OBJECT_CONVERSION = YES_AGGRESSIVE;
				CLANG_CXX_LANGUAGE_STANDARD = "gnu++0x";
				CLANG_CXX_LIBRARY = "libc++";
				CLANG_ENABLE_MODULES = YES;
				CLANG_ENABLE_OBJC_ARC = YES;
				CLANG_WARN_BOOL_CONVERSION = YES;
				CLANG_WARN_CONSTANT_CONVERSION = YES;
				CLANG_WARN_DIRECT_OBJC_ISA_USAGE = YES_ERROR;
				CLANG_WARN_DOCUMENTATION_COMMENTS = YES;
				CLANG_WARN_EMPTY_BODY = YES;
				CLANG_WARN_ENUM_CONVERSION = YES;
				CLANG_WARN_INFINITE_RECURSION = YES;
				CLANG_WARN_INT_CONVERSION = YES;
				CLANG_WARN_OBJC_ROOT_CLASS = YES_ERROR;
				CLANG_WARN_SUSPICIOUS_MOVE = YES;
				CLANG_WARN_UNREACHABLE_CODE = YES;
				CLANG_WARN__DUPLICATE_METHOD_MATCH = YES;
				"CODE_SIGN_IDENTITY[sdk=iphoneos*]" = "iPhone Developer";
				COPY_PHASE_STRIP = NO;
				DEBUG_INFORMATION_FORMAT = "dwarf-with-dsym";
				ENABLE_NS_ASSERTIONS = NO;
				ENABLE_STRICT_OBJC_MSGSEND = YES;
				GCC_C_LANGUAGE_STANDARD = gnu99;
				GCC_NO_COMMON_BLOCKS = YES;
				GCC_WARN_64_TO_32_BIT_CONVERSION = YES;
				GCC_WARN_ABOUT_RETURN_TYPE = YES_ERROR;
				GCC_WARN_UNDECLARED_SELECTOR = YES;
				GCC_WARN_UNINITIALIZED_AUTOS = YES_AGGRESSIVE;
				GCC_WARN_UNUSED_FUNCTION = YES;
				GCC_WARN_UNUSED_VARIABLE = YES;
				IPHONEOS_DEPLOYMENT_TARGET = 10.3;
				MTL_ENABLE_DEBUG_INFO = NO;
				SDKROOT = iphoneos;
				SWIFT_OPTIMIZATION_LEVEL = "-Owholemodule";
				TARGETED_DEVICE_FAMILY = "1,2";
				VALIDATE_PRODUCT = YES;
			};
			name = Release;
		};
		6E8E8C221EEE8D8900EF1189 /* Debug */ = {
			isa = XCBuildConfiguration;
			baseConfigurationReference = 30EAE944D01D681487F788F0 /* Pods-SwiftBaseProject.debug.xcconfig */;
			buildSettings = {
				ASSETCATALOG_COMPILER_APPICON_NAME = AppIcon;
				DEVELOPMENT_TEAM = C372PBF9WS;
				INFOPLIST_FILE = SwiftBaseProject/Info.plist;
				LD_RUNPATH_SEARCH_PATHS = "$(inherited) @executable_path/Frameworks";
				PRODUCT_BUNDLE_IDENTIFIER = com.SwiftBaseProject.www;
				PRODUCT_NAME = "$(TARGET_NAME)";
				SWIFT_OBJC_BRIDGING_HEADER = SwiftBaseProject/OCHeader.h;
				SWIFT_VERSION = 3.0;
				USER_HEADER_SEARCH_PATHS = "${SRCROOT}/**";
			};
			name = Debug;
		};
		6E8E8C231EEE8D8900EF1189 /* Release */ = {
			isa = XCBuildConfiguration;
			baseConfigurationReference = C964E08AD38A78AAA4080925 /* Pods-SwiftBaseProject.release.xcconfig */;
			buildSettings = {
				ASSETCATALOG_COMPILER_APPICON_NAME = AppIcon;
				DEVELOPMENT_TEAM = C372PBF9WS;
				INFOPLIST_FILE = SwiftBaseProject/Info.plist;
				LD_RUNPATH_SEARCH_PATHS = "$(inherited) @executable_path/Frameworks";
				PRODUCT_BUNDLE_IDENTIFIER = com.SwiftBaseProject.www;
				PRODUCT_NAME = "$(TARGET_NAME)";
				SWIFT_OBJC_BRIDGING_HEADER = SwiftBaseProject/OCHeader.h;
				SWIFT_VERSION = 3.0;
				USER_HEADER_SEARCH_PATHS = "${SRCROOT}/**";
			};
			name = Release;
		};
		6E8E8C251EEE8D8900EF1189 /* Debug */ = {
			isa = XCBuildConfiguration;
			buildSettings = {
				ALWAYS_EMBED_SWIFT_STANDARD_LIBRARIES = YES;
				BUNDLE_LOADER = "$(TEST_HOST)";
				INFOPLIST_FILE = SwiftBaseProjectTests/Info.plist;
				LD_RUNPATH_SEARCH_PATHS = "$(inherited) @executable_path/Frameworks @loader_path/Frameworks";
				PRODUCT_BUNDLE_IDENTIFIER = com.SwiftBaseProjectTests;
				PRODUCT_NAME = "$(TARGET_NAME)";
				SWIFT_VERSION = 3.0;
				TEST_HOST = "$(BUILT_PRODUCTS_DIR)/SwiftBaseProject.app/SwiftBaseProject";
			};
			name = Debug;
		};
		6E8E8C261EEE8D8900EF1189 /* Release */ = {
			isa = XCBuildConfiguration;
			buildSettings = {
				ALWAYS_EMBED_SWIFT_STANDARD_LIBRARIES = YES;
				BUNDLE_LOADER = "$(TEST_HOST)";
				INFOPLIST_FILE = SwiftBaseProjectTests/Info.plist;
				LD_RUNPATH_SEARCH_PATHS = "$(inherited) @executable_path/Frameworks @loader_path/Frameworks";
				PRODUCT_BUNDLE_IDENTIFIER = com.SwiftBaseProjectTests;
				PRODUCT_NAME = "$(TARGET_NAME)";
				SWIFT_VERSION = 3.0;
				TEST_HOST = "$(BUILT_PRODUCTS_DIR)/SwiftBaseProject.app/SwiftBaseProject";
			};
			name = Release;
		};
		6E8E8C281EEE8D8900EF1189 /* Debug */ = {
			isa = XCBuildConfiguration;
			buildSettings = {
				ALWAYS_EMBED_SWIFT_STANDARD_LIBRARIES = YES;
				INFOPLIST_FILE = SwiftBaseProjectUITests/Info.plist;
				LD_RUNPATH_SEARCH_PATHS = "$(inherited) @executable_path/Frameworks @loader_path/Frameworks";
				PRODUCT_BUNDLE_IDENTIFIER = com.SwiftBaseProjectUITests;
				PRODUCT_NAME = "$(TARGET_NAME)";
				SWIFT_VERSION = 3.0;
				TEST_TARGET_NAME = SwiftBaseProject;
			};
			name = Debug;
		};
		6E8E8C291EEE8D8900EF1189 /* Release */ = {
			isa = XCBuildConfiguration;
			buildSettings = {
				ALWAYS_EMBED_SWIFT_STANDARD_LIBRARIES = YES;
				INFOPLIST_FILE = SwiftBaseProjectUITests/Info.plist;
				LD_RUNPATH_SEARCH_PATHS = "$(inherited) @executable_path/Frameworks @loader_path/Frameworks";
				PRODUCT_BUNDLE_IDENTIFIER = com.SwiftBaseProjectUITests;
				PRODUCT_NAME = "$(TARGET_NAME)";
				SWIFT_VERSION = 3.0;
				TEST_TARGET_NAME = SwiftBaseProject;
			};
			name = Release;
		};
/* End XCBuildConfiguration section */

/* Begin XCConfigurationList section */
		6E8E8BF41EEE8D8900EF1189 /* Build configuration list for PBXProject "SwiftBaseProject" */ = {
			isa = XCConfigurationList;
			buildConfigurations = (
				6E8E8C1F1EEE8D8900EF1189 /* Debug */,
				6E8E8C201EEE8D8900EF1189 /* Release */,
			);
			defaultConfigurationIsVisible = 0;
			defaultConfigurationName = Release;
		};
		6E8E8C211EEE8D8900EF1189 /* Build configuration list for PBXNativeTarget "SwiftBaseProject" */ = {
			isa = XCConfigurationList;
			buildConfigurations = (
				6E8E8C221EEE8D8900EF1189 /* Debug */,
				6E8E8C231EEE8D8900EF1189 /* Release */,
			);
			defaultConfigurationIsVisible = 0;
			defaultConfigurationName = Release;
		};
		6E8E8C241EEE8D8900EF1189 /* Build configuration list for PBXNativeTarget "SwiftBaseProjectTests" */ = {
			isa = XCConfigurationList;
			buildConfigurations = (
				6E8E8C251EEE8D8900EF1189 /* Debug */,
				6E8E8C261EEE8D8900EF1189 /* Release */,
			);
			defaultConfigurationIsVisible = 0;
			defaultConfigurationName = Release;
		};
		6E8E8C271EEE8D8900EF1189 /* Build configuration list for PBXNativeTarget "SwiftBaseProjectUITests" */ = {
			isa = XCConfigurationList;
			buildConfigurations = (
				6E8E8C281EEE8D8900EF1189 /* Debug */,
				6E8E8C291EEE8D8900EF1189 /* Release */,
			);
			defaultConfigurationIsVisible = 0;
			defaultConfigurationName = Release;
		};
/* End XCConfigurationList section */
	};
	rootObject = 6E8E8BF11EEE8D8900EF1189 /* Project object */;
}
